
Microsoft Visual Studio Solution File, Format Version 12.00
# Visual Studio Version 16
VisualStudioVersion = 16.0.30907.101
MinimumVisualStudioVersion = 10.0.40219.1
Project("{9A19103F-16F7-4668-BE54-9A1E7A4F7556}") = "MedicalProjet", "WebApplication1\MedicalProjet.csproj", "{A3610C27-285C-417F-BF10-760E76CFA94E}"
EndProject
Global
	GlobalSection(SolutionConfigurationPlatforms) = preSolution
		Debug|Any CPU = Debug|Any CPU
		Release|Any CPU = Release|Any CPU
	EndGlobalSection
	GlobalSection(ProjectConfigurationPlatforms) = postSolution
		{A3610C27-285C-417F-BF10-760E76CFA94E}.Debug|Any CPU.ActiveCfg = Debug|Any CPU
		{A3610C27-285C-417F-BF10-760E76CFA94E}.Debug|Any CPU.Build.0 = Debug|Any CPU
		{A3610C27-285C-417F-BF10-760E76CFA94E}.Release|Any CPU.ActiveCfg = Release|Any CPU
		{A3610C27-285C-417F-BF10-760E76CFA94E}.Release|Any CPU.Build.0 = Release|Any CPU
	EndGlobalSection
	GlobalSection(SolutionProperties) = preSolution
		HideSolutionNode = FALSE
	EndGlobalSection
	GlobalSection(ExtensibilityGlobals) = postSolution
		SolutionGuid = {A36192C6-F55F-44DC-A4EC-2F4FD9FD413A}
	EndGlobalSection
EndGlobal
